// !$*UTF8*$!
{
	archiveVersion = 1;
	classes = {
	};
	objectVersion = 46;
	objects = {

/* Begin PBXBuildFile section */
		34BE50A21ADB0DFD0001F5B9 /* main.m in Sources */ = {isa = PBXBuildFile; fileRef = 34BE50A11ADB0DFD0001F5B9 /* main.m */; };
		34BE50A51ADB0DFD0001F5B9 /* AppDelegate.m in Sources */ = {isa = PBXBuildFile; fileRef = 34BE50A41ADB0DFD0001F5B9 /* AppDelegate.m */; };
		34BE50A81ADB0DFD0001F5B9 /* ChatViewController.mm in Sources */ = {isa = PBXBuildFile; fileRef = 34BE50A71ADB0DFD0001F5B9 /* ChatViewController.mm */; };
		34BE50AD1ADB0DFD0001F5B9 /* Images.xcassets in Resources */ = {isa = PBXBuildFile; fileRef = 34BE50AC1ADB0DFD0001F5B9 /* Images.xcassets */; };
		34BE50C61ADB0F210001F5B9 /* ChatViewController.xib in Resources */ = {isa = PBXBuildFile; fileRef = 34BE50C51ADB0F210001F5B9 /* ChatViewController.xib */; };
		34BE50CC1ADB19D40001F5B9 /* chatclient.cpp in Sources */ = {isa = PBXBuildFile; fileRef = 34BE50C71ADB19D40001F5B9 /* chatclient.cpp */; };
		34BE50CD1ADB19D40001F5B9 /* Socket.cpp in Sources */ = {isa = PBXBuildFile; fileRef = 34BE50C91ADB19D40001F5B9 /* Socket.cpp */; };
		34BE50CF1ADB1A4D0001F5B9 /* chatclient-ios.mm in Sources */ = {isa = PBXBuildFile; fileRef = 34BE50CE1ADB1A4D0001F5B9 /* chatclient-ios.mm */; };
/* End PBXBuildFile section */

/* Begin PBXFileReference section */
		3419FE1A1ADB32A6003DFCBD /* chatclient-protocol.h */ = {isa = PBXFileReference; fileEncoding = 4; lastKnownFileType = sourcecode.c.h; path = "chatclient-protocol.h"; sourceTree = "<group>"; };
		34BE509C1ADB0DFD0001F5B9 /* ChatClientIOS.app */ = {isa = PBXFileReference; explicitFileType = wrapper.application; includeInIndex = 0; path = ChatClientIOS.app; sourceTree = BUILT_PRODUCTS_DIR; };
		34BE50A01ADB0DFD0001F5B9 /* Info.plist */ = {isa = PBXFileReference; lastKnownFileType = text.plist.xml; path = Info.plist; sourceTree = "<group>"; };
		34BE50A11ADB0DFD0001F5B9 /* main.m */ = {isa = PBXFileReference; lastKnownFileType = sourcecode.c.objc; path = main.m; sourceTree = "<group>"; };
		34BE50A31ADB0DFD0001F5B9 /* AppDelegate.h */ = {isa = PBXFileReference; lastKnownFileType = sourcecode.c.h; path = AppDelegate.h; sourceTree = "<group>"; };
		34BE50A41ADB0DFD0001F5B9 /* AppDelegate.m */ = {isa = PBXFileReference; lastKnownFileType = sourcecode.c.objc; path = AppDelegate.m; sourceTree = "<group>"; };
		34BE50A61ADB0DFD0001F5B9 /* ChatViewController.h */ = {isa = PBXFileReference; lastKnownFileType = sourcecode.c.h; path = ChatViewController.h; sourceTree = "<group>"; };
		34BE50A71ADB0DFD0001F5B9 /* ChatViewController.mm */ = {isa = PBXFileReference; lastKnownFileType = sourcecode.cpp.objcpp; path = ChatViewController.mm; sourceTree = "<group>"; };
		34BE50AC1ADB0DFD0001F5B9 /* Images.xcassets */ = {isa = PBXFileReference; lastKnownFileType = folder.assetcatalog; path = Images.xcassets; sourceTree = "<group>"; };
		34BE50C51ADB0F210001F5B9 /* ChatViewController.xib */ = {isa = PBXFileReference; fileEncoding = 4; lastKnownFileType = file.xib; path = ChatViewController.xib; sourceTree = "<group>"; };
		34BE50C71ADB19D40001F5B9 /* chatclient.cpp */ = {isa = PBXFileReference; fileEncoding = 4; lastKnownFileType = sourcecode.cpp.cpp; path = chatclient.cpp; sourceTree = "<group>"; };
		34BE50C81ADB19D40001F5B9 /* chatclient.h */ = {isa = PBXFileReference; fileEncoding = 4; lastKnownFileType = sourcecode.c.h; path = chatclient.h; sourceTree = "<group>"; };
		34BE50C91ADB19D40001F5B9 /* Socket.cpp */ = {isa = PBXFileReference; fileEncoding = 4; lastKnownFileType = sourcecode.cpp.cpp; path = Socket.cpp; sourceTree = "<group>"; };
		34BE50CA1ADB19D40001F5B9 /* Socket.h */ = {isa = PBXFileReference; fileEncoding = 4; lastKnownFileType = sourcecode.c.h; path = Socket.h; sourceTree = "<group>"; };
		34BE50CB1ADB19D40001F5B9 /* util.h */ = {isa = PBXFileReference; fileEncoding = 4; lastKnownFileType = sourcecode.c.h; path = util.h; sourceTree = "<group>"; };
		34BE50CE1ADB1A4D0001F5B9 /* chatclient-ios.mm */ = {isa = PBXFileReference; fileEncoding = 4; lastKnownFileType = sourcecode.cpp.objcpp; path = "chatclient-ios.mm"; sourceTree = "<group>"; };
		34BE50D01ADB1A840001F5B9 /* chatclient-ios.h */ = {isa = PBXFileReference; fileEncoding = 4; lastKnownFileType = sourcecode.c.h; path = "chatclient-ios.h"; sourceTree = "<group>"; };
/* End PBXFileReference section */

/* Begin PBXFrameworksBuildPhase section */
		34BE50991ADB0DFD0001F5B9 /* Frameworks */ = {
			isa = PBXFrameworksBuildPhase;
			buildActionMask = 2147483647;
			files = (
			);
			runOnlyForDeploymentPostprocessing = 0;
		};
/* End PBXFrameworksBuildPhase section */

/* Begin PBXGroup section */
		3419FE1B1ADB374A003DFCBD /* ChatClient */ = {
			isa = PBXGroup;
			children = (
				3419FE1A1ADB32A6003DFCBD /* chatclient-protocol.h */,
				34BE50CE1ADB1A4D0001F5B9 /* chatclient-ios.mm */,
				34BE50D01ADB1A840001F5B9 /* chatclient-ios.h */,
				34BE50C71ADB19D40001F5B9 /* chatclient.cpp */,
				34BE50C81ADB19D40001F5B9 /* chatclient.h */,
				34BE50C91ADB19D40001F5B9 /* Socket.cpp */,
				34BE50CA1ADB19D40001F5B9 /* Socket.h */,
				34BE50CB1ADB19D40001F5B9 /* util.h */,
			);
			name = ChatClient;
			sourceTree = "<group>";
		};
		34BE50931ADB0DFD0001F5B9 = {
			isa = PBXGroup;
			children = (
				34BE509E1ADB0DFD0001F5B9 /* ChatClientIOS */,
				34BE509D1ADB0DFD0001F5B9 /* Products */,
			);
			sourceTree = "<group>";
		};
		34BE509D1ADB0DFD0001F5B9 /* Products */ = {
			isa = PBXGroup;
			children = (
				34BE509C1ADB0DFD0001F5B9 /* ChatClientIOS.app */,
			);
			name = Products;
			sourceTree = "<group>";
		};
		34BE509E1ADB0DFD0001F5B9 /* ChatClientIOS */ = {
			isa = PBXGroup;
			children = (
				34BE50A31ADB0DFD0001F5B9 /* AppDelegate.h */,
				34BE50A41ADB0DFD0001F5B9 /* AppDelegate.m */,
				34BE50A61ADB0DFD0001F5B9 /* ChatViewController.h */,
				34BE50A71ADB0DFD0001F5B9 /* ChatViewController.mm */,
				34BE50C51ADB0F210001F5B9 /* ChatViewController.xib */,
				3419FE1B1ADB374A003DFCBD /* ChatClient */,
				34BE50AC1ADB0DFD0001F5B9 /* Images.xcassets */,
				34BE509F1ADB0DFD0001F5B9 /* Supporting Files */,
			);
			path = ChatClientIOS;
			sourceTree = "<group>";
		};
		34BE509F1ADB0DFD0001F5B9 /* Supporting Files */ = {
			isa = PBXGroup;
			children = (
				34BE50A01ADB0DFD0001F5B9 /* Info.plist */,
				34BE50A11ADB0DFD0001F5B9 /* main.m */,
			);
			name = "Supporting Files";
			sourceTree = "<group>";
		};
/* End PBXGroup section */

/* Begin PBXNativeTarget section */
		34BE509B1ADB0DFD0001F5B9 /* ChatClientIOS */ = {
			isa = PBXNativeTarget;
			buildConfigurationList = 34BE50BF1ADB0DFD0001F5B9 /* Build configuration list for PBXNativeTarget "ChatClientIOS" */;
			buildPhases = (
				34BE50981ADB0DFD0001F5B9 /* Sources */,
				34BE50991ADB0DFD0001F5B9 /* Frameworks */,
				34BE509A1ADB0DFD0001F5B9 /* Resources */,
			);
			buildRules = (
			);
			dependencies = (
			);
			name = ChatClientIOS;
			productName = ChatClientIOS;
			productReference = 34BE509C1ADB0DFD0001F5B9 /* ChatClientIOS.app */;
			productType = "com.apple.product-type.application";
		};
/* End PBXNativeTarget section */

/* Begin PBXProject section */
		34BE50941ADB0DFD0001F5B9 /* Project object */ = {
			isa = PBXProject;
			attributes = {
				LastUpgradeCheck = 0630;
				ORGANIZATIONNAME = Paker;
				TargetAttributes = {
					34BE509B1ADB0DFD0001F5B9 = {
						CreatedOnToolsVersion = 6.3;
					};
				};
			};
			buildConfigurationList = 34BE50971ADB0DFD0001F5B9 /* Build configuration list for PBXProject "ChatClientIOS" */;
			compatibilityVersion = "Xcode 3.2";
			developmentRegion = English;
			hasScannedForEncodings = 0;
			knownRegions = (
				en,
				Base,
			);
			mainGroup = 34BE50931ADB0DFD0001F5B9;
			productRefGroup = 34BE509D1ADB0DFD0001F5B9 /* Products */;
			projectDirPath = "";
			projectRoot = "";
			targets = (
				34BE509B1ADB0DFD0001F5B9 /* ChatClientIOS */,
			);
		};
/* End PBXProject section */

/* Begin PBXResourcesBuildPhase section */
		34BE509A1ADB0DFD0001F5B9 /* Resources */ = {
			isa = PBXResourcesBuildPhase;
			buildActionMask = 2147483647;
			files = (
				34BE50C61ADB0F210001F5B9 /* ChatViewController.xib in Resources */,
				34BE50AD1ADB0DFD0001F5B9 /* Images.xcassets in Resources */,
			);
			runOnlyForDeploymentPostprocessing = 0;
		};
/* End PBXResourcesBuildPhase section */

/* Begin PBXSourcesBuildPhase section */
		34BE50981ADB0DFD0001F5B9 /* Sources */ = {
			isa = PBXSourcesBuildPhase;
			buildActionMask = 2147483647;
			files = (
				34BE50A81ADB0DFD0001F5B9 /* ChatViewController.mm in Sources */,
				34BE50A51ADB0DFD0001F5B9 /* AppDelegate.m in Sources */,
				34BE50CF1ADB1A4D0001F5B9 /* chatclient-ios.mm in Sources */,
				34BE50CC1ADB19D40001F5B9 /* chatclient.cpp in Sources */,
				34BE50A21ADB0DFD0001F5B9 /* main.m in Sources */,
				34BE50CD1ADB19D40001F5B9 /* Socket.cpp in Sources */,
			);
			runOnlyForDeploymentPostprocessing = 0;
		};
/* End PBXSourcesBuildPhase section */

/* Begin XCBuildConfiguration section */
		34BE50BD1ADB0DFD0001F5B9 /* Debug */ = {
			isa = XCBuildConfiguration;
			buildSettings = {
				ALWAYS_SEARCH_USER_PATHS = NO;
				CLANG_CXX_LANGUAGE_STANDARD = "gnu++0x";
				CLANG_CXX_LIBRARY = "libc++";
				CLANG_ENABLE_MODULES = YES;
				CLANG_ENABLE_OBJC_ARC = YES;
				CLANG_WARN_BOOL_CONVERSION = YES;
				CLANG_WARN_CONSTANT_CONVERSION = YES;
				CLANG_WARN_DIRECT_OBJC_ISA_USAGE = YES_ERROR;
				CLANG_WARN_EMPTY_BODY = YES;
				CLANG_WARN_ENUM_CONVERSION = YES;
				CLANG_WARN_INT_CONVERSION = YES;
				CLANG_WARN_OBJC_ROOT_CLASS = YES_ERROR;
				CLANG_WARN_UNREACHABLE_CODE = YES;
				CLANG_WARN__DUPLICATE_METHOD_MATCH = YES;
				"CODE_SIGN_IDENTITY[sdk=iphoneos*]" = "iPhone Developer";
				COPY_PHASE_STRIP = NO;
				DEBUG_INFORMATION_FORMAT = "dwarf-with-dsym";
				ENABLE_STRICT_OBJC_MSGSEND = YES;
				GCC_C_LANGUAGE_STANDARD = gnu99;
				GCC_DYNAMIC_NO_PIC = NO;
				GCC_NO_COMMON_BLOCKS = YES;
				GCC_OPTIMIZATION_LEVEL = 0;
				GCC_PREPROCESSOR_DEFINITIONS = (
					"DEBUG=1",
					"$(inherited)",
				);
				GCC_SYMBOLS_PRIVATE_EXTERN = NO;
				GCC_WARN_64_TO_32_BIT_CONVERSION = YES;
				GCC_WARN_ABOUT_RETURN_TYPE = YES_ERROR;
				GCC_WARN_UNDECLARED_SELECTOR = YES;
				GCC_WARN_UNINITIALIZED_AUTOS = YES_AGGRESSIVE;
				GCC_WARN_UNUSED_FUNCTION = YES;
				GCC_WARN_UNUSED_VARIABLE = YES;
				IPHONEOS_DEPLOYMENT_TARGET = 8.3;
				MTL_ENABLE_DEBUG_INFO = YES;
				ONLY_ACTIVE_ARCH = YES;
				SDKROOT = iphoneos;
			};
			name = Debug;
		};
		34BE50BE1ADB0DFD0001F5B9 /* Release */ = {
			isa = XCBuildConfiguration;
			buildSettings = {
				ALWAYS_SEARCH_USER_PATHS = NO;
				CLANG_CXX_LANGUAGE_STANDARD = "gnu++0x";
				CLANG_CXX_LIBRARY = "libc++";
				CLANG_ENABLE_MODULES = YES;
				CLANG_ENABLE_OBJC_ARC = YES;
				CLANG_WARN_BOOL_CONVERSION = YES;
				CLANG_WARN_CONSTANT_CONVERSION = YES;
				CLANG_WARN_DIRECT_OBJC_ISA_USAGE = YES_ERROR;
				CLANG_WARN_EMPTY_BODY = YES;
				CLANG_WARN_ENUM_CONVERSION = YES;
				CLANG_WARN_INT_CONVERSION = YES;
				CLANG_WARN_OBJC_ROOT_CLASS = YES_ERROR;
				CLANG_WARN_UNREACHABLE_CODE = YES;
				CLANG_WARN__DUPLICATE_METHOD_MATCH = YES;
				"CODE_SIGN_IDENTITY[sdk=iphoneos*]" = "iPhone Developer";
				COPY_PHASE_STRIP = NO;
				DEBUG_INFORMATION_FORMAT = "dwarf-with-dsym";
				ENABLE_NS_ASSERTIONS = NO;
				ENABLE_STRICT_OBJC_MSGSEND = YES;
				GCC_C_LANGUAGE_STANDARD = gnu99;
				GCC_NO_COMMON_BLOCKS = YES;
				GCC_WARN_64_TO_32_BIT_CONVERSION = YES;
				GCC_WARN_ABOUT_RETURN_TYPE = YES_ERROR;
				GCC_WARN_UNDECLARED_SELECTOR = YES;
				GCC_WARN_UNINITIALIZED_AUTOS = YES_AGGRESSIVE;
				GCC_WARN_UNUSED_FUNCTION = YES;
				GCC_WARN_UNUSED_VARIABLE = YES;
				IPHONEOS_DEPLOYMENT_TARGET = 8.3;
				MTL_ENABLE_DEBUG_INFO = NO;
				SDKROOT = iphoneos;
				VALIDATE_PRODUCT = YES;
			};
			name = Release;
		};
		34BE50C01ADB0DFD0001F5B9 /* Debug */ = {
			isa = XCBuildConfiguration;
			buildSettings = {
				ASSETCATALOG_COMPILER_APPICON_NAME = AppIcon;
				INFOPLIST_FILE = ChatClientIOS/Info.plist;
				LD_RUNPATH_SEARCH_PATHS = "$(inherited) @executable_path/Frameworks";
				PRODUCT_NAME = "$(TARGET_NAME)";
			};
			name = Debug;
		};
		34BE50C11ADB0DFD0001F5B9 /* Release */ = {
			isa = XCBuildConfiguration;
			buildSettings = {
				ASSETCATALOG_COMPILER_APPICON_NAME = AppIcon;
				INFOPLIST_FILE = ChatClientIOS/Info.plist;
				LD_RUNPATH_SEARCH_PATHS = "$(inherited) @executable_path/Frameworks";
				PRODUCT_NAME = "$(TARGET_NAME)";
			};
			name = Release;
		};
/* End XCBuildConfiguration section */

/* Begin XCConfigurationList section */
		34BE50971ADB0DFD0001F5B9 /* Build configuration list for PBXProject "ChatClientIOS" */ = {
			isa = XCConfigurationList;
			buildConfigurations = (
				34BE50BD1ADB0DFD0001F5B9 /* Debug */,
				34BE50BE1ADB0DFD0001F5B9 /* Release */,
			);
			defaultConfigurationIsVisible = 0;
			defaultConfigurationName = Release;
		};
		34BE50BF1ADB0DFD0001F5B9 /* Build configuration list for PBXNativeTarget "ChatClientIOS" */ = {
			isa = XCConfigurationList;
			buildConfigurations = (
				34BE50C01ADB0DFD0001F5B9 /* Debug */,
				34BE50C11ADB0DFD0001F5B9 /* Release */,
			);
			defaultConfigurationIsVisible = 0;
			defaultConfigurationName = Release;
		};
/* End XCConfigurationList section */
	};
	rootObject = 34BE50941ADB0DFD0001F5B9 /* Project object */;
}
